# This file is generated by running "yarn install" inside your project.
# Manual changes might be lost - proceed with caution!

__metadata:
  version: 7
  cacheKey: 9

"@cspotcode/source-map-consumer@npm:0.8.0":
  version: 0.8.0
  resolution: "@cspotcode/source-map-consumer@npm:0.8.0"
  checksum: 9bc8e423662d1d4eaa318d0723fe5a164bb1a973704ff6629b8be8ffcb19f3790c75a85d63116b5fc26a5229d2b0bd22c6811949377c6f9ce0b821319b8b043b
  languageName: node
  linkType: hard

"@cspotcode/source-map-support@npm:0.7.0":
  version: 0.7.0
  resolution: "@cspotcode/source-map-support@npm:0.7.0"
  dependencies:
    "@cspotcode/source-map-consumer": "npm:0.8.0"
  checksum: 46579a17f5aa358ce47b42bb9f492d8604698630e358dd541dd733a3e6987d52cd2283c2197140f3d28abd6a5dc5c4bc95aed32231d301ca6f86581fca63c8d6
  languageName: node
  linkType: hard

"@discordjs/builders@npm:^1.13.0":
  version: 1.13.1
  resolution: "@discordjs/builders@npm:1.13.1"
  dependencies:
    "@discordjs/formatters": "npm:^0.6.2"
    "@discordjs/util": "npm:^1.2.0"
    "@sapphire/shapeshift": "npm:^4.0.0"
    discord-api-types: "npm:^0.38.33"
    fast-deep-equal: "npm:^3.1.3"
    ts-mixer: "npm:^6.0.4"
    tslib: "npm:^2.6.3"
  checksum: 04015f3aca94b10d85431f85f25a60be0226a66b79f5557311f48d708018de049c978be82f7c81beab8c2682937aa1269d5567d1cea01425b9f684ab938d5991
  languageName: node
  linkType: hard

"@discordjs/collection@npm:1.5.3":
  version: 1.5.3
  resolution: "@discordjs/collection@npm:1.5.3"
  checksum: 23f59587cbb22e2d22f5f7e4d83102afc5fabc1dd98c7f0165a0bec9e1047dce68b13a420e80c844ad3122ee70d797021dff8d68f24dd5773a1083f2ec384353
  languageName: node
  linkType: hard

"@discordjs/collection@npm:^2.1.0, @discordjs/collection@npm:^2.1.1":
  version: 2.1.1
  resolution: "@discordjs/collection@npm:2.1.1"
  checksum: 25b72c27d853365625e7f880ee48e1221f415ee77212022ea94d693b9e0a1833f0e0a961fdc728ce34aec19560fbafce7200fda26520c8330049240daf6d6540
  languageName: node
  linkType: hard

"@discordjs/formatters@npm:^0.6.2":
  version: 0.6.2
  resolution: "@discordjs/formatters@npm:0.6.2"
  dependencies:
    discord-api-types: "npm:^0.38.33"
  checksum: 1b16269c654d62e9305f4325b0388d52ed266197c80117e00e23942c353aea59a888f8bb647cccec20484b6f8d39dfa7b33f1d9c2da9322a3dfceeab9244267b
  languageName: node
  linkType: hard

"@discordjs/rest@npm:^2.5.1, @discordjs/rest@npm:^2.6.0":
  version: 2.6.0
  resolution: "@discordjs/rest@npm:2.6.0"
  dependencies:
    "@discordjs/collection": "npm:^2.1.1"
    "@discordjs/util": "npm:^1.1.1"
    "@sapphire/async-queue": "npm:^1.5.3"
    "@sapphire/snowflake": "npm:^3.5.3"
    "@vladfrangu/async_event_emitter": "npm:^2.4.6"
    discord-api-types: "npm:^0.38.16"
    magic-bytes.js: "npm:^1.10.0"
    tslib: "npm:^2.6.3"
    undici: "npm:6.21.3"
  checksum: 0953573ab0eb572d237f547a1acc731938332e1da1031a75045786a742d1091d1e6dbc6af30780b91bc6151f7a023bce8d0324ed552a5e8d0a9b93dc534d36bd
  languageName: node
  linkType: hard

"@discordjs/util@npm:^1.1.0, @discordjs/util@npm:^1.1.1, @discordjs/util@npm:^1.2.0":
  version: 1.2.0
  resolution: "@discordjs/util@npm:1.2.0"
  dependencies:
    discord-api-types: "npm:^0.38.33"
  checksum: cfe7da3f5bb6c91a3978c566702ed44240e063c030f6c7ea79a3fdeed689cd8d0da0d6db08b9e5a707e19dc877ded4a42e947edee1d895ae7b18d24b220690af
  languageName: node
  linkType: hard

"@discordjs/ws@npm:^1.2.3":
  version: 1.2.3
  resolution: "@discordjs/ws@npm:1.2.3"
  dependencies:
    "@discordjs/collection": "npm:^2.1.0"
    "@discordjs/rest": "npm:^2.5.1"
    "@discordjs/util": "npm:^1.1.0"
    "@sapphire/async-queue": "npm:^1.5.2"
    "@types/ws": "npm:^8.5.10"
    "@vladfrangu/async_event_emitter": "npm:^2.2.4"
    discord-api-types: "npm:^0.38.1"
    tslib: "npm:^2.6.2"
    ws: "npm:^8.17.0"
  checksum: f0a4dcde77c2ef8731389404d486d6bd837c1b7ece4730ff681d9438486710f9db0012ba00c89716d73301b50717fa1fb6be29a0bd84c9f8ddddbf922b559f55
  languageName: node
  linkType: hard

"@octokit/auth-token@npm:^2.4.4":
  version: 2.5.0
  resolution: "@octokit/auth-token@npm:2.5.0"
  dependencies:
    "@octokit/types": "npm:^6.0.3"
  checksum: 6c24cf0394f89b883055fc1f48f164335c61e897e9396fe155fe92fbb0559df0b1de8c63d496623168b99a96fadd8dcf9e1bedabcfb103f83e23418b191d9e7c
  languageName: node
  linkType: hard

"@octokit/core@npm:^3.5.1":
  version: 3.6.0
  resolution: "@octokit/core@npm:3.6.0"
  dependencies:
    "@octokit/auth-token": "npm:^2.4.4"
    "@octokit/graphql": "npm:^4.5.8"
    "@octokit/request": "npm:^5.6.3"
    "@octokit/request-error": "npm:^2.0.5"
    "@octokit/types": "npm:^6.0.3"
    before-after-hook: "npm:^2.2.0"
    universal-user-agent: "npm:^6.0.0"
  checksum: 91ba1df7a57208ba0fc25fcbab6bce2cc7a144282edfd34c504fe6594fc73eee0a81bc06c3c993301b2db9835fdfb6ed13913312fe11b10d80d17634f6cf4570
  languageName: node
  linkType: hard

"@octokit/endpoint@npm:^6.0.1":
  version: 6.0.12
  resolution: "@octokit/endpoint@npm:6.0.12"
  dependencies:
    "@octokit/types": "npm:^6.0.3"
    is-plain-object: "npm:^5.0.0"
    universal-user-agent: "npm:^6.0.0"
  checksum: c0a7abd87243b7f5f22d6cee3e309952d08d1808c94dd7e60d40aa91111098b9b1c8e2f927bc85b831d6853fa215cbbdbbf807976dc2f40e83605ca1afea5e23
  languageName: node
  linkType: hard

"@octokit/graphql@npm:^4.5.8":
  version: 4.8.0
  resolution: "@octokit/graphql@npm:4.8.0"
  dependencies:
    "@octokit/request": "npm:^5.6.0"
    "@octokit/types": "npm:^6.0.3"
    universal-user-agent: "npm:^6.0.0"
  checksum: 2b5b402af70cefd29bf16bc971cc8a345587dcfa92aa39df798042e968a34a5350cf7a96b24ab74a82eb1be5b6f9e38fd3213a58b564c6acedd39272522e394c
  languageName: node
  linkType: hard

"@octokit/openapi-types@npm:^11.2.0":
  version: 11.2.0
  resolution: "@octokit/openapi-types@npm:11.2.0"
  checksum: a930cfa2d258ecfea8977028b2a84e45bc151ff44af029330e42528426c049d6b5babb507ad14d1f8f482f1ec1ccc7426ab1ec0019a1f1834a412edab170d2ae
  languageName: node
  linkType: hard

"@octokit/plugin-paginate-rest@npm:^2.16.8":
  version: 2.17.0
  resolution: "@octokit/plugin-paginate-rest@npm:2.17.0"
  dependencies:
    "@octokit/types": "npm:^6.34.0"
  peerDependencies:
    "@octokit/core": ">=2"
  checksum: f9b15ae5707b401881a33c5a6b331b1cf7a3b885128538f41b1e8ca4472f2e62dc79fce6d501bf3c4948c23adbcd9d8f0ed6942b29adcb040575daae71a5253f
  languageName: node
  linkType: hard

"@octokit/plugin-request-log@npm:^1.0.4":
  version: 1.0.4
  resolution: "@octokit/plugin-request-log@npm:1.0.4"
  peerDependencies:
    "@octokit/core": ">=3"
  checksum: 862693e73694c31e9eb898b215da91657b8a73ab95291bea10447318b8fba4dd1c02225c4c67ee3fe903b5f62fc38f5f9cfb10debf8f94f599c7c62843d03656
  languageName: node
  linkType: hard

"@octokit/plugin-rest-endpoint-methods@npm:^5.12.0":
  version: 5.13.0
  resolution: "@octokit/plugin-rest-endpoint-methods@npm:5.13.0"
  dependencies:
    "@octokit/types": "npm:^6.34.0"
    deprecation: "npm:^2.3.1"
  peerDependencies:
    "@octokit/core": ">=3"
  checksum: a5ad643c7a27ed48e837d89fcef003d95122d507359e7f0e1d20eedc75ca20b602ba5bfdd24d384858ed6afa8163d2e3a9e2ba053e7573f6851057f3c380c3c4
  languageName: node
  linkType: hard

"@octokit/request-error@npm:^2.0.5, @octokit/request-error@npm:^2.1.0":
  version: 2.1.0
  resolution: "@octokit/request-error@npm:2.1.0"
  dependencies:
    "@octokit/types": "npm:^6.0.3"
    deprecation: "npm:^2.0.0"
    once: "npm:^1.4.0"
  checksum: 47264d6e03aff8e5c6773c7ba3151f0765dd852b0479582d07e4acf2ec7761b3de49f8ca2fef3b9c68b44d64d197b4d0c080840969ab2a00eaade38fbb5616d4
  languageName: node
  linkType: hard

"@octokit/request@npm:^5.6.0, @octokit/request@npm:^5.6.3":
  version: 5.6.3
  resolution: "@octokit/request@npm:5.6.3"
  dependencies:
    "@octokit/endpoint": "npm:^6.0.1"
    "@octokit/request-error": "npm:^2.1.0"
    "@octokit/types": "npm:^6.16.1"
    is-plain-object: "npm:^5.0.0"
    node-fetch: "npm:^2.6.7"
    universal-user-agent: "npm:^6.0.0"
  checksum: 05c73ff2386cefee5359cba80eb12c55936260629de8da5c7359d2fe2928a5bfc198f69c54bc705e53814471c66712a6ae33dbb6d5069deb2f5d31757e85f8cf
  languageName: node
  linkType: hard

"@octokit/rest@npm:^18.12.0":
  version: 18.12.0
  resolution: "@octokit/rest@npm:18.12.0"
  dependencies:
    "@octokit/core": "npm:^3.5.1"
    "@octokit/plugin-paginate-rest": "npm:^2.16.8"
    "@octokit/plugin-request-log": "npm:^1.0.4"
    "@octokit/plugin-rest-endpoint-methods": "npm:^5.12.0"
  checksum: 9b4d5c869b63b49253c790f99a1ad154827ea183c75ac9f55d42c92ba40b0bfb094950a6c324d6152b540ac709e2385435431d89f15c232b647a0c60e6edadc2
  languageName: node
  linkType: hard

"@octokit/types@npm:^6.0.3, @octokit/types@npm:^6.16.1, @octokit/types@npm:^6.34.0":
  version: 6.34.0
  resolution: "@octokit/types@npm:6.34.0"
  dependencies:
    "@octokit/openapi-types": "npm:^11.2.0"
  checksum: 9074bf467f6fd4a9f6942d7ec5442144d497d957a2f3120bcd02fe6df8745d58b794cabe46e790e0d5f947e3b003ee6be23ddb2016040cf322d2468520605b59
  languageName: node
  linkType: hard

"@sapphire/async-queue@npm:^1.5.2, @sapphire/async-queue@npm:^1.5.3":
  version: 1.5.5
  resolution: "@sapphire/async-queue@npm:1.5.5"
  checksum: 9bcc90392f21d90fd9b291fa8e9910d3daab03d57460bd017dfb7258bf712370951825481099f481e16c50aad477f48fc107db764d368c0de11b1f3e6969e0d6
  languageName: node
  linkType: hard

"@sapphire/shapeshift@npm:^4.0.0":
  version: 4.0.0
  resolution: "@sapphire/shapeshift@npm:4.0.0"
  dependencies:
    fast-deep-equal: "npm:^3.1.3"
    lodash: "npm:^4.17.21"
  checksum: 6094c55a87479e98b12bd8b673e33b6f9708ca28b699390c2521cac87e050c7aa6d6f9cd26e3f01e40f23e9800f77c7683e3c1ad9dbe1d55a1dfd06b40a4cd6e
  languageName: node
  linkType: hard

"@sapphire/snowflake@npm:3.5.3":
  version: 3.5.3
  resolution: "@sapphire/snowflake@npm:3.5.3"
  checksum: aaef41087ad15024467ec63833e5c2d36bedfa6bdb74423dd84d6c581a3400771d963e125733cca8621c552f6268adf9e76f4595d448ac67bb3908b95a3d0ed4
  languageName: node
  linkType: hard

"@sapphire/snowflake@npm:^3.5.3":
  version: 3.5.5
  resolution: "@sapphire/snowflake@npm:3.5.5"
  checksum: 6b709832635166ee7f4eca4cd1bd3b41851c8c60b4312a3a8372ef03aeb21affeeba723c289a23ff76cbe8d425cc245ae019e2f77f27e137c855fda44af512fd
  languageName: node
  linkType: hard

"@tsconfig/node10@npm:^1.0.7":
  version: 1.0.8
  resolution: "@tsconfig/node10@npm:1.0.8"
  checksum: 7a9dfab8cbd5ea3f6cd0e42bf5fa1c747c79a28e269eefdbc4fb15885035530f903f8e27e81937513906d0ab715040178bfc0f743c0f9e6cb683bfb160a0845c
  languageName: node
  linkType: hard

"@tsconfig/node12@npm:^1.0.7":
  version: 1.0.9
  resolution: "@tsconfig/node12@npm:1.0.9"
  checksum: 23432bd1b7cbe73eb3869d7ba670e05749c633a36c5fde2e7ecf284f5eefd4180363f5708d055f0457888d83c809d66c2f52c8976a58a16b942ff8a710b7d9d1
  languageName: node
  linkType: hard

"@tsconfig/node14@npm:^1.0.0":
  version: 1.0.1
  resolution: "@tsconfig/node14@npm:1.0.1"
  checksum: cdc6d2977a33b5cfcd295943ebfa668a227d493fee1978316d4285eeb2eb0222f85cf70d2468490fc21cc7ec89f4eebda8017cda6dd2aa71ecf16ce4f671244c
  languageName: node
  linkType: hard

"@tsconfig/node16@npm:^1.0.2":
  version: 1.0.2
  resolution: "@tsconfig/node16@npm:1.0.2"
  checksum: 09013899ebdb2003bcf8e690bf3aaa6c8c2a1175e43ac7bb664a5ceda424bcc1d8d6fbfe5c4618f2c9356ae096ce938b5dbe7d126f33bda960eb938dca9282c5
  languageName: node
  linkType: hard

"@types/body-parser@npm:*":
  version: 1.19.2
  resolution: "@types/body-parser@npm:1.19.2"
  dependencies:
    "@types/connect": "npm:*"
    "@types/node": "npm:*"
  checksum: 839e71535a3085c49da7c4d64ab98b35056c3d7ae069b06f4731c0980d738267a2c46ba5ffba0702aece8c61a877272f9a20d89929000fead4aac5098793d0fb
  languageName: node
  linkType: hard

"@types/connect@npm:*":
  version: 3.4.35
  resolution: "@types/connect@npm:3.4.35"
  dependencies:
    "@types/node": "npm:*"
  checksum: 1fffce36ab2abf23023d8bb0f5c35c481cb97d116e6a1b206668be9dd57ffa9ae705256d232461fe05c6007c03a0fb7f1600256643ccc08b62d6f67214b1bb75
  languageName: node
  linkType: hard

"@types/express-serve-static-core@npm:^4.17.18":
  version: 4.17.28
  resolution: "@types/express-serve-static-core@npm:4.17.28"
  dependencies:
    "@types/node": "npm:*"
    "@types/qs": "npm:*"
    "@types/range-parser": "npm:*"
  checksum: 643cae979477eccc5dcea481a0c4c891de01d58e01b4f33462e00a26b21b754ca6a31c54c88214ad0a8faf4df089a7af492b48807114438d0a668fd87345b1b9
  languageName: node
  linkType: hard

"@types/express@npm:^4.17.13":
  version: 4.17.13
  resolution: "@types/express@npm:4.17.13"
  dependencies:
    "@types/body-parser": "npm:*"
    "@types/express-serve-static-core": "npm:^4.17.18"
    "@types/qs": "npm:*"
    "@types/serve-static": "npm:*"
  checksum: 114a3b85cd27a5d7873321499d4af2e8964d4f1a6344b224555d356be2d90e8024cba0dcf1159c30a8d39d8cb8312dff85b1a79a23c139122879499c568ac06e
  languageName: node
  linkType: hard

"@types/mime@npm:^1":
  version: 1.3.2
  resolution: "@types/mime@npm:1.3.2"
  checksum: 1f724ab3c619125bac1bb5890b42d6cdfeecc60207771b2ad861ec933931a5b0710023c49c181f728c4de4f4e026d3fa49dffddf31a0e3b7898ebd8b6da45f3d
  languageName: node
  linkType: hard

"@types/node@npm:*":
  version: 17.0.27
  resolution: "@types/node@npm:17.0.27"
  checksum: b63fd46e53daff9d8e4a6129c76e4c55d23545f98ca9bd50fa5bb4833a7c7344c3ef65ec30c76a48fae9b7a2e63ae83af0b2b51586568adb81b6c360ba656d2f
  languageName: node
  linkType: hard

"@types/qs@npm:*":
  version: 6.9.7
  resolution: "@types/qs@npm:6.9.7"
  checksum: 6ad8b468d122ef64878bef150efb428532cc8768ec66fac61b9abb1ff0f30520d86138290e753d5f179e6fd01ba3a51c56e2e0a7a6e40b5d1cfd8b701f70367d
  languageName: node
  linkType: hard

"@types/range-parser@npm:*":
  version: 1.2.4
  resolution: "@types/range-parser@npm:1.2.4"
  checksum: 0ceeddc63c66d2e632c93ed6fdea6e7fcc20a3a2a6fc84043a9700259fe4d50002b21c9cf99c58b3960bb2bd541b8f8bec255ae35025f99e8ca92be7d341e60e
  languageName: node
  linkType: hard

"@types/serve-static@npm:*":
  version: 1.13.10
  resolution: "@types/serve-static@npm:1.13.10"
  dependencies:
    "@types/mime": "npm:^1"
    "@types/node": "npm:*"
  checksum: 4d892d86ee878a796259fd391a443cdef8ef9edac06082a57cc4c4094ee1b44c178b446778bf8354f99fa03db36ffeceeadf2fce7ead0b8d57d7e7d4bf6d5b5b
  languageName: node
  linkType: hard

"@types/ws@npm:^8.5.10":
  version: 8.18.1
  resolution: "@types/ws@npm:8.18.1"
  dependencies:
    "@types/node": "npm:*"
  checksum: c2a839707e371104f918ccdef6fd818d529055b6c9bf7282019214c176e1fb886f07afa766c12872fc5b59ac5a525210cd9fd9488ed8ae08c971bcf2b1faf126
  languageName: node
  linkType: hard

"@vladfrangu/async_event_emitter@npm:^2.2.4, @vladfrangu/async_event_emitter@npm:^2.4.6":
  version: 2.4.7
  resolution: "@vladfrangu/async_event_emitter@npm:2.4.7"
  checksum: d9fbcb0deafc9514f6527c4dbe7b719a3c2e3adc3a942a12991cf2031dc04259fcc5739b71c1d3e324a85d07fc44c9c13e1d4810e6c00bae1422419a54eb36c8
  languageName: node
  linkType: hard

"accepts@npm:~1.3.8":
  version: 1.3.8
  resolution: "accepts@npm:1.3.8"
  dependencies:
    mime-types: "npm:~2.1.34"
    negotiator: "npm:0.6.3"
  checksum: 4634cf08b9ccf6a7618a006d54b6a29c159c233eb40194e397373308244ebad0436155d0604463d401673d47c1e1f65ea1237d58cbe8ad780d01f20f61ce19f4
  languageName: node
  linkType: hard

"acorn-walk@npm:^8.1.1":
  version: 8.2.0
  resolution: "acorn-walk@npm:8.2.0"
  checksum: 389d3f19998ac0924a590485a6502b72059e3ab67cc820477c2c40cca06b6c50bb8d424bfbb8fe97955eb489b88cb5dc7ee6979fcf9321dce7eb451ba3456d3d
  languageName: node
  linkType: hard

"acorn@npm:^8.4.1":
  version: 8.7.1
  resolution: "acorn@npm:8.7.1"
  bin:
    acorn: bin/acorn
  checksum: eba988701205b33f99d879e767a08c31b53a13f2594fffcb870430561933fc2f8b8ae3efe6f956cab37df68963bb593d0590ed9a9fbd64f233194f95c045aa60
  languageName: node
  linkType: hard

"arg@npm:^4.1.0":
  version: 4.1.3
  resolution: "arg@npm:4.1.3"
  checksum: a60e3881540ab44af1058bf3c9bdbcdd45a82cb930299ae875e609b60b44435410d152b26d55816e8ef2cf1096cfa39271f5b1bd3dd931355f3f24f043dc7ca5
  languageName: node
  linkType: hard

"array-flatten@npm:1.1.1":
  version: 1.1.1
  resolution: "array-flatten@npm:1.1.1"
  checksum: 4f31d5671990976098f6ea9d82986748f43d0d44e3ab815d84d33cd5369ee964386804213619d4d050b33fe1cefa5e1420e98d350cd0162ab087d9d58c02d1c4
  languageName: node
  linkType: hard

"before-after-hook@npm:^2.2.0":
  version: 2.2.2
  resolution: "before-after-hook@npm:2.2.2"
  checksum: ed37dd1bc4409c98af31033b3a4ce30ec53ddb146b9571096df59a4e7a7af327af54935fc69d169ebee907283233b326ce007c12089b19a04c2f602fa128d84c
  languageName: node
  linkType: hard

"body-parser@npm:1.20.0":
  version: 1.20.0
  resolution: "body-parser@npm:1.20.0"
  dependencies:
    bytes: "npm:3.1.2"
    content-type: "npm:~1.0.4"
    debug: "npm:2.6.9"
    depd: "npm:2.0.0"
    destroy: "npm:1.2.0"
    http-errors: "npm:2.0.0"
    iconv-lite: "npm:0.4.24"
    on-finished: "npm:2.4.1"
    qs: "npm:6.10.3"
    raw-body: "npm:2.5.1"
    type-is: "npm:~1.6.18"
    unpipe: "npm:1.0.0"
  checksum: 38cafb558592481cf3a65d1c25b1efe790283638d005bace09191e67e8495e4ae4e83dce761bef6164bde548eb64cdeccf8e81bbbad91af8c9d58a0256542ed4
  languageName: node
  linkType: hard

"bytes@npm:3.1.2":
  version: 3.1.2
  resolution: "bytes@npm:3.1.2"
  checksum: b9b056ed671c71c7e0f4ce7b60a0c17305d1e3e9b6c967e0e82ce85bd8fad16efa4df992177d429e253b47c45a716e6823a9d046b660b4b5b7e1e21b4801edfe
  languageName: node
  linkType: hard

"call-bind@npm:^1.0.0":
  version: 1.0.2
  resolution: "call-bind@npm:1.0.2"
  dependencies:
    function-bind: "npm:^1.1.1"
    get-intrinsic: "npm:^1.0.2"
  checksum: 6fccea8a00310bf2e2b2a07aca0eddbdcd5de2eec9dfe880c1c8b0b7fd3c6809bf28aab0209aa530a35a2fba48587733521df7f83f8d5354047afed78b69a36b
  languageName: node
  linkType: hard

"content-disposition@npm:0.5.4":
  version: 0.5.4
  resolution: "content-disposition@npm:0.5.4"
  dependencies:
    safe-buffer: "npm:5.2.1"
  checksum: d38295838d0d136bf434c58deb24b574d66486234832bc97be293d0bd2350acb95a548def1071817346facde253f352f48e7d4ee187f08995b9a6c8317361a5c
  languageName: node
  linkType: hard

"content-type@npm:~1.0.4":
  version: 1.0.4
  resolution: "content-type@npm:1.0.4"
  checksum: 20bda9bccfb0086d4e4b35cc5c6073b693d4a8ff0a0da0b68cf283c34a649a5d07068fd240c1ed503a7696dbbf4c875cecb708ea219db1880fbfa40e8fb02620
  languageName: node
  linkType: hard

"cookie-signature@npm:1.0.6":
  version: 1.0.6
  resolution: "cookie-signature@npm:1.0.6"
  checksum: b99cb14f01bd69029eba0a24f3468034a590ff9ca048dcd37dcb344be2edf8691de8bbef8acffbadc2c5b38f6064fd7eb79714054458f6b714af3e25a884a9f5
  languageName: node
  linkType: hard

"cookie@npm:0.5.0":
  version: 0.5.0
  resolution: "cookie@npm:0.5.0"
  checksum: 23bd6dd64f025869373c6f3c72a870b9bd0e0e6a0ffe734229c032d7aca51972ba584b39100c09141b18043e790862425aae4a60d7449fca565b21cdae0cb3c3
  languageName: node
  linkType: hard

"create-require@npm:^1.1.0":
  version: 1.1.1
  resolution: "create-require@npm:1.1.1"
  checksum: 9db2a6d1a6e69929e4b18045910289a17543f9f07ba4d6027e9c3fdc4c985998cd4b6738a45675ab870287483832332d5aa75a1612c87230149d1fba568ae86a
  languageName: node
  linkType: hard

"debug@npm:2.6.9":
  version: 2.6.9
  resolution: "debug@npm:2.6.9"
  dependencies:
    ms: "npm:2.0.0"
  checksum: 143f776060e764362b11d8788c6ef7b125fe930f0b5766559c11521af6dfc256979726167a66218249d8e2f99548c1a8bdb026aad577deecc86b56b4652d4626
  languageName: node
  linkType: hard

"depd@npm:2.0.0":
  version: 2.0.0
  resolution: "depd@npm:2.0.0"
  checksum: 170e90bfa90081462303140623fdf938aeba2f066b1c7a9a1c599b257ea8127d36b9d39fad5a9d71f5282a3bb5a8ca287ce4d8c6cecd0f65e6bf3779cc6091be
  languageName: node
  linkType: hard

"deprecation@npm:^2.0.0, deprecation@npm:^2.3.1":
  version: 2.3.1
  resolution: "deprecation@npm:2.3.1"
  checksum: 4bea60628946a5525bfc9c550e9e2ce34e389128938618f0929b6bed856032a70f82e03231044ce14f7f974d65dddb31bbf0252dd70878d13fe7d83969bcc326
  languageName: node
  linkType: hard

"destroy@npm:1.2.0":
  version: 1.2.0
  resolution: "destroy@npm:1.2.0"
  checksum: dc7c93cc92fefb26b1fd5251603da79b0289d06b6891743cb16ac11564aaf0cc985e89efb663322a39a477c4c7f2da51321bf82bb513280a12171cef63b60a21
  languageName: node
  linkType: hard

"diff@npm:^4.0.1":
  version: 4.0.2
  resolution: "diff@npm:4.0.2"
  checksum: 1b445113c0727e15646a058b2794df63366bd1e32abf078990b78c2a355fe72e4e3c8de3399f2c5d67f06cd461acdebd91b5f71cb2cd02f7300bdb926a3cd6e2
  languageName: node
  linkType: hard

"discord-api-types@npm:^0.38.1, discord-api-types@npm:^0.38.16, discord-api-types@npm:^0.38.33":
  version: 0.38.37
  resolution: "discord-api-types@npm:0.38.37"
  checksum: 59f9645ba2303ab6d73461aeb214bf5fbc4bfb7df84c174ced3456f16084221ae30c338303549e2a4a80f31eb4f102e08c771129a9100225ce978533edfb7d35
  languageName: node
  linkType: hard

"discord.js@npm:14.25.1":
  version: 14.25.1
  resolution: "discord.js@npm:14.25.1"
  dependencies:
    "@discordjs/builders": "npm:^1.13.0"
    "@discordjs/collection": "npm:1.5.3"
    "@discordjs/formatters": "npm:^0.6.2"
    "@discordjs/rest": "npm:^2.6.0"
    "@discordjs/util": "npm:^1.2.0"
    "@discordjs/ws": "npm:^1.2.3"
    "@sapphire/snowflake": "npm:3.5.3"
    discord-api-types: "npm:^0.38.33"
    fast-deep-equal: "npm:3.1.3"
    lodash.snakecase: "npm:4.1.1"
    magic-bytes.js: "npm:^1.10.0"
    tslib: "npm:^2.6.3"
    undici: "npm:6.21.3"
  checksum: c5f7dc72c3a7a994730d7493109ace301b7be81c5a4065f30542f44e5f76dda0029aed06b4e7f1c6cd1713a4de37b9a5387e95e2cbc8ddbfcb574d2aef78516d
  languageName: node
  linkType: hard

"dotenv@npm:^16.0.0":
  version: 16.0.0
  resolution: "dotenv@npm:16.0.0"
  checksum: 8ae7a66f2f7d93609be3bce35c3933455d5229ad36dd5c90c455a666473c2ae8170fbd4f3ec76674e50551bf1313c13ca191c1bc41883d8df7f97772763dd5c9
  languageName: node
  linkType: hard

"ee-first@npm:1.1.1":
  version: 1.1.1
  resolution: "ee-first@npm:1.1.1"
  checksum: 037800fb1ddc8398702b8fdac0507da850804a43bcc623ccb7969a2ebecb384f1d0dec43dc74dc8b11eeb7652ba8fe5cba9ccce26ee6c78454b38439a5051560
  languageName: node
  linkType: hard

"encodeurl@npm:~1.0.2":
  version: 1.0.2
  resolution: "encodeurl@npm:1.0.2"
  checksum: 3c87693cb4bf8e6e0da8b549c30c12f638e55c51195048de49c412b3b6c63feced7cbf4743d69e41fc4373cc39bbc6519968faad0e3c8ea24a5c125b727aa79d
  languageName: node
  linkType: hard

"escape-html@npm:~1.0.3":
  version: 1.0.3
  resolution: "escape-html@npm:1.0.3"
  checksum: c2c0e204bdee0452b5481e18e659d8f0ef909b774cd8140724e53df3254e75c04e8ff30298f658ca0310191f46de5bbb94459fc55103eb978eb6ffaaf499bbd1
  languageName: node
  linkType: hard

"etag@npm:~1.8.1":
  version: 1.8.1
  resolution: "etag@npm:1.8.1"
  checksum: 70d88dfb36416dffbb09859cb5c72a71ae9a0b3da550643a75d28d3a853c999fb30076bc33d2a1c3882988e3631093b148bacaee133e070de4798e63753b82ac
  languageName: node
  linkType: hard

"express@npm:^4.18.0":
  version: 4.18.0
  resolution: "express@npm:4.18.0"
  dependencies:
    accepts: "npm:~1.3.8"
    array-flatten: "npm:1.1.1"
    body-parser: "npm:1.20.0"
    content-disposition: "npm:0.5.4"
    content-type: "npm:~1.0.4"
    cookie: "npm:0.5.0"
    cookie-signature: "npm:1.0.6"
    debug: "npm:2.6.9"
    depd: "npm:2.0.0"
    encodeurl: "npm:~1.0.2"
    escape-html: "npm:~1.0.3"
    etag: "npm:~1.8.1"
    finalhandler: "npm:1.2.0"
    fresh: "npm:0.5.2"
    http-errors: "npm:2.0.0"
    merge-descriptors: "npm:1.0.1"
    methods: "npm:~1.1.2"
    on-finished: "npm:2.4.1"
    parseurl: "npm:~1.3.3"
    path-to-regexp: "npm:0.1.7"
    proxy-addr: "npm:~2.0.7"
    qs: "npm:6.10.3"
    range-parser: "npm:~1.2.1"
    safe-buffer: "npm:5.2.1"
    send: "npm:0.18.0"
    serve-static: "npm:1.15.0"
    setprototypeof: "npm:1.2.0"
    statuses: "npm:2.0.1"
    type-is: "npm:~1.6.18"
    utils-merge: "npm:1.0.1"
    vary: "npm:~1.1.2"
  checksum: 6f5d4aa394b35c422315f622965b7542b5ea06a179c269df10a22013b41de1642d45aa976de44ee07161916707c98b1cbcdaf41c6bba851f46fd7d649940c33e
  languageName: node
  linkType: hard

"fast-deep-equal@npm:3.1.3, fast-deep-equal@npm:^3.1.3":
  version: 3.1.3
  resolution: "fast-deep-equal@npm:3.1.3"
  checksum: 5f83fabf1f0bac0df5117e881ee15756dc8a9ee48c8020ed63cb84a7935d78c338dc0982b3b7b6ad0792905f5ef0c35293db9cae2f3208a6f09071c43887a02f
  languageName: node
  linkType: hard

"finalhandler@npm:1.2.0":
  version: 1.2.0
  resolution: "finalhandler@npm:1.2.0"
  dependencies:
    debug: "npm:2.6.9"
    encodeurl: "npm:~1.0.2"
    escape-html: "npm:~1.0.3"
    on-finished: "npm:2.4.1"
    parseurl: "npm:~1.3.3"
    statuses: "npm:2.0.1"
    unpipe: "npm:~1.0.0"
  checksum: 31ca595367c936c6614f67bd94c7e64a31ad9b8bd52751811b4f9deb666928d8da578a230baacf7760845126ef35330382a2e935f0757d22312ba942056dc1c1
  languageName: node
  linkType: hard

"forwarded@npm:0.2.0":
  version: 0.2.0
  resolution: "forwarded@npm:0.2.0"
  checksum: d1d18e065b310fb44e3190497119b810db59da95a8ac0ba186e94385484c72e189e9a5da404a209886fdcfaacc1efcb066e7d90c4281dfd7e3ce3ccd18a8dd32
  languageName: node
  linkType: hard

"fresh@npm:0.5.2":
  version: 0.5.2
  resolution: "fresh@npm:0.5.2"
  checksum: 57c25f8cdc1c8db81fc3477b8073627614c5132ae7070c8e920ff35afbddb32f98d74ab6828d92f1e1c52583b2f8ea16ac7991406ffe2bb4ec752b1aaa94350e
  languageName: node
  linkType: hard

"function-bind@npm:^1.1.1":
  version: 1.1.1
  resolution: "function-bind@npm:1.1.1"
  checksum: 8a644b8118679030cb3aeb783b024a9ee358b15c5780bdb49fe5d482f6df54672bda860e19bce87d756a5e165740caaa96f5e8487fa98933c327f631e23a5490
  languageName: node
  linkType: hard

"get-intrinsic@npm:^1.0.2":
  version: 1.1.1
  resolution: "get-intrinsic@npm:1.1.1"
  dependencies:
    function-bind: "npm:^1.1.1"
    has: "npm:^1.0.3"
    has-symbols: "npm:^1.0.1"
  checksum: a48e9ce484bb1960deb4450d6252ceda885babbb502012783b97a0c3cd9caf114c7e7cc251d1b1958fb3ea749c1a4f710b25eee2f383b7b2e41af91e1efcff99
  languageName: node
  linkType: hard

"github-issues-bot@workspace:.":
  version: 0.0.0-use.local
  resolution: "github-issues-bot@workspace:."
  dependencies:
    "@octokit/rest": "npm:^18.12.0"
    "@types/express": "npm:^4.17.13"
    discord.js: "npm:14.25.1"
    dotenv: "npm:^16.0.0"
    express: "npm:^4.18.0"
    ts-node: "npm:^10.7.0"
    typescript: "npm:^4.6.3"
  languageName: unknown
  linkType: soft

"has-symbols@npm:^1.0.1":
  version: 1.0.3
  resolution: "has-symbols@npm:1.0.3"
  checksum: 2d0abb3382da2945b1b8d9a4afebc8a0770fe07198e727b4fbd7f616c70796f040bf2bd8d6db47e0c590507812a2680594fc77f871238289f6c7870318cf62c9
  languageName: node
  linkType: hard

"has@npm:^1.0.3":
  version: 1.0.3
  resolution: "has@npm:1.0.3"
  dependencies:
    function-bind: "npm:^1.1.1"
  checksum: 3e8c4d87ccd9c160d61a5db829b5fb647acac79e482476c857d5d1dc580517c6a77cf84337808f28361f6263008ce1ce5aff44407bd9241af93c623ef8d8d4f1
  languageName: node
  linkType: hard

"http-errors@npm:2.0.0":
  version: 2.0.0
  resolution: "http-errors@npm:2.0.0"
  dependencies:
    depd: "npm:2.0.0"
    inherits: "npm:2.0.4"
    setprototypeof: "npm:1.2.0"
    statuses: "npm:2.0.1"
    toidentifier: "npm:1.0.1"
  checksum: 4ca64437169c64e448700bfc07ebaf5555bc0bb5c0880ab171a20312580af586f0c9f1bd5e9047336c84b4a31ade801ca7fe8c1c7e1d654f4ea9d5dee71dbb3c
  languageName: node
  linkType: hard

"iconv-lite@npm:0.4.24":
  version: 0.4.24
  resolution: "iconv-lite@npm:0.4.24"
  dependencies:
    safer-buffer: "npm:>= 2.1.2 < 3"
  checksum: 6cc23a171d6fe7c49ab89956a5f151dfc4db34b48b61cebe887051e35dbb9bebb25bf5e410e8c79efadfd8ed602a0f79f7d7814f77365841e0596c3136408eaf
  languageName: node
  linkType: hard

"inherits@npm:2.0.4":
  version: 2.0.4
  resolution: "inherits@npm:2.0.4"
  checksum: ca76c7e45ec715bfe6c1dd67b780b9a15068f37b37ab56cf8b773537b2654238469a42950f5f4d301212755e7512be888f627752e778e1863d95cfedefc8b8bd
  languageName: node
  linkType: hard

"ipaddr.js@npm:1.9.1":
  version: 1.9.1
  resolution: "ipaddr.js@npm:1.9.1"
  checksum: 5b70543172617fc9b0456f153d197a4fe2df54d1c808ebb17ee85e3cbcb73cf7159a29288d2f10be294f796bcb0695940d7881f8532c3b2928c8f22a97779d00
  languageName: node
  linkType: hard

"is-plain-object@npm:^5.0.0":
  version: 5.0.0
  resolution: "is-plain-object@npm:5.0.0"
  checksum: fd152d0cadce30fc41b1294e5e63a6bc696a82102828d77e63cf9eb01510c011c9c2ca432babb372356ac24ec164427ecf0c9633a4ea044b4de18d92be013700
  languageName: node
  linkType: hard

"lodash.snakecase@npm:4.1.1":
  version: 4.1.1
  resolution: "lodash.snakecase@npm:4.1.1"
  checksum: 5e840ba77791c15522aa0792688f147a29e60582f70050aafff532a4bbb72c55c001dfa357d605a75614424abdbf38ea313442c8738da0a14c72070182d54251
  languageName: node
  linkType: hard

"lodash@npm:^4.17.21":
  version: 4.17.21
  resolution: "lodash@npm:4.17.21"
  checksum: 3ac18e92108d68f88429fcddee609e42cf2b653583d9bac22308815a4cd6b185b89a0ad0d9b0c670c371d9d6b61571a98fee6b36e1db14e52766ca253ed9cba0
  languageName: node
  linkType: hard

"magic-bytes.js@npm:^1.10.0":
  version: 1.12.1
  resolution: "magic-bytes.js@npm:1.12.1"
  checksum: beb51585159c38fe935b93da7b7249c7f3af4f5da535af16c360b9df7de34844ebf33d867854ce7aef1676f6f290218a33c3d05d2c3d0aab3b0e545ac66892e9
  languageName: node
  linkType: hard

"make-error@npm:^1.1.1":
  version: 1.3.6
  resolution: "make-error@npm:1.3.6"
  checksum: 4b81ce1392495d554ce5fd28c8de95066642e5e1a5efd395e3b3413bc75068a025d8a567aefb0738ba6da18e73323ffde17794780f632fe4395e009aa9ebcc8a
  languageName: node
  linkType: hard

"media-typer@npm:0.3.0":
  version: 0.3.0
  resolution: "media-typer@npm:0.3.0"
  checksum: 21806e15268f71b2bbf35a57b5eb9a42e14be638b8b855e210fb90282744e622f9d232f34f1cf566dc487819ce66bbb8aa6568e3267f48b12e92e2ba679838ae
  languageName: node
  linkType: hard

"merge-descriptors@npm:1.0.1":
  version: 1.0.1
  resolution: "merge-descriptors@npm:1.0.1"
  checksum: 6c8d19415ddd30b17ebd8e4474897549915cb90bb1caa13bbc55cce27a72d377c289abd300a3e8c6c1a6d61c4ea1fbe297addf032a9d75cb8de2788bc8b9cb2c
  languageName: node
  linkType: hard

"methods@npm:~1.1.2":
  version: 1.1.2
  resolution: "methods@npm:1.1.2"
  checksum: 4641d1eda8231aee6774d28a32249f1d4f04e2a58a86c4a968eed39d178d64594ed829301eb603356decc9bd423eacd68d6bde7874a291475800a1568e547d4e
  languageName: node
  linkType: hard

"mime-db@npm:1.52.0":
  version: 1.52.0
  resolution: "mime-db@npm:1.52.0"
  checksum: 95baf687a3f14ff2cc433e30dea5c4931c7f4b67059d44a0098cfb833858cad63ec13c20f98762bddd088c4e9dac6d95862db1ea9d3fe3fa68f57b69a325000d
  languageName: node
  linkType: hard

"mime-types@npm:~2.1.24, mime-types@npm:~2.1.34":
  version: 2.1.35
  resolution: "mime-types@npm:2.1.35"
  dependencies:
    mime-db: "npm:1.52.0"
  checksum: 51e3b38d1b1b83da082f7c29042bcb22036101346394696b7643ef5da27ebf6bf71643bd45225ee75e4ea2836213780efc8c3dcd2055c84b49eb0afc061419d0
  languageName: node
  linkType: hard

"mime@npm:1.6.0":
  version: 1.6.0
  resolution: "mime@npm:1.6.0"
  bin:
    mime: cli.js
  checksum: d54c5e4de47046306425767290edaaefc6964fec09960c7df4a1f429f672b6651a13b01724180c698a0f5f0af556a81494d0380404a23da29460716f8454d6e0
  languageName: node
  linkType: hard

"ms@npm:2.0.0":
  version: 2.0.0
  resolution: "ms@npm:2.0.0"
  checksum: de027828fc294bd9673f72caecf73f50eac7baf28a0dec371de03600a0aa5a891b0cb7f84a45071eac306c9dd260aed8e2174695cf3a99eaa37f663871241da9
  languageName: node
  linkType: hard

"ms@npm:2.1.3":
  version: 2.1.3
  resolution: "ms@npm:2.1.3"
  checksum: 78c12f6b473a022ebacc393fc14b76fe40b8feda7218124b86c4684e440e10377a063bec1d3902df1f74714f02b74b36ad7d3a6de9e2fbffa26fc29e5ce018fc
  languageName: node
  linkType: hard

"negotiator@npm:0.6.3":
  version: 0.6.3
  resolution: "negotiator@npm:0.6.3"
  checksum: d8e3b42d99638b1f363ce114c98e6906ade395c230058e50644417bd398b01381133dbca4bc49f30f6b1c93254e4b5a2d50cc47adcdabf2a8476b6f16311ad5d
  languageName: node
  linkType: hard

"node-fetch@npm:^2.6.7":
  version: 2.6.7
  resolution: "node-fetch@npm:2.6.7"
  dependencies:
    whatwg-url: "npm:^5.0.0"
  peerDependencies:
    encoding: ^0.1.0
  peerDependenciesMeta:
    encoding:
      optional: true
  checksum: 05c03fe66f38b9e349e691caf121b693a91adb41ab59c3af17d2c5f9d2f8d927c30b428e7c8049b739c674db06171117ba9d10dc72d6a2cf35ba8901dfb4de83
  languageName: node
  linkType: hard

"object-inspect@npm:^1.9.0":
  version: 1.12.0
  resolution: "object-inspect@npm:1.12.0"
  checksum: 841b5b480e36dc94d1c764dc85e1752bb01a0d7eccf366bacb4731877a29fa8196118c8b58b7a4e4961f0447f9dac97950e6f04eca259fb02a325fd90066173d
  languageName: node
  linkType: hard

"on-finished@npm:2.4.1":
  version: 2.4.1
  resolution: "on-finished@npm:2.4.1"
  dependencies:
    ee-first: "npm:1.1.1"
  checksum: 93ad68cf985df7d5263acef0302610a63f5d28840054b8d9a085776427beec4c7ce5518274c46b302eefd43747e81f6bb7df7dc4a2a2b345c0c49f31ad344385
  languageName: node
  linkType: hard

"once@npm:^1.4.0":
  version: 1.4.0
  resolution: "once@npm:1.4.0"
  dependencies:
    wrappy: "npm:1"
  checksum: 12d5c6ece331855387577e71c96ab5b60269390b131cf9403494206274fa520221c88f8b8d431d7227d080127730460da8907c402ab4142e592c34aacb5c9817
  languageName: node
  linkType: hard

"parseurl@npm:~1.3.3":
  version: 1.3.3
  resolution: "parseurl@npm:1.3.3"
  checksum: cbd2f45d9ab7fe80e5a742ff88fdedcfae00a32b1e6cca174c4d5c11b9480d0dde9a22b5e9505da44734f047e7cea8457508fced54067b870595a7938d29b467
  languageName: node
  linkType: hard

"path-to-regexp@npm:0.1.7":
  version: 0.1.7
  resolution: "path-to-regexp@npm:0.1.7"
  checksum: 65caab5a929dda7ae7f6ab3be871a82390317291271694dea898eea5fdcc232ae7fd197a76a3cda4bd6dcef8d82e582578e02eb7d5fa659df0f4d33a53c9753f
  languageName: node
  linkType: hard

"proxy-addr@npm:~2.0.7":
  version: 2.0.7
  resolution: "proxy-addr@npm:2.0.7"
  dependencies:
    forwarded: "npm:0.2.0"
    ipaddr.js: "npm:1.9.1"
  checksum: c03f00d8f882b97636262d0ae7da0c502325474ea215f21b4f0664ad8f40f49d2071b52c18257d011338be3db21ca65a6e8cbc0d95fb23efc00516ce9ee37c27
  languageName: node
  linkType: hard

"qs@npm:6.10.3":
  version: 6.10.3
  resolution: "qs@npm:6.10.3"
  dependencies:
    side-channel: "npm:^1.0.4"
  checksum: 69daaebb744bec0bd455ac08973c47c3dcbdb389165ceee7522dec41b2b812ecbd2015c09bcc39309efced5d955f849f07dbc4bfdb5b77a360e1ea9a65fc506a
  languageName: node
  linkType: hard

"range-parser@npm:~1.2.1":
  version: 1.2.1
  resolution: "range-parser@npm:1.2.1"
  checksum: fc96933398c1a37a5c0c02bfc84ae171fa71b6f7b3d4360f84c9faeff5f43f29ebc59b404eab9af00073bb03a9717e05f8c46cd191524b6aefc72f227bad54d5
  languageName: node
  linkType: hard

"raw-body@npm:2.5.1":
  version: 2.5.1
  resolution: "raw-body@npm:2.5.1"
  dependencies:
    bytes: "npm:3.1.2"
    http-errors: "npm:2.0.0"
    iconv-lite: "npm:0.4.24"
    unpipe: "npm:1.0.0"
  checksum: b5e41c0e7213e078f045a2b2397eb35665e952ad5176ff7462b740f7c7730b3d47d496ab2b1dd31ed36f8ffed41291cf93b035516403e0babea72c42d039b66b
  languageName: node
  linkType: hard

"safe-buffer@npm:5.2.1":
  version: 5.2.1
  resolution: "safe-buffer@npm:5.2.1"
  checksum: da8a21b3336a21c152eb3ba8ab41acde5772644f026d4b6e5f9fd8afa4f0cf407c113b19a362580fab9aea8beea295465432fc7684f9ff38aac559bb1b5528cd
  languageName: node
  linkType: hard

"safer-buffer@npm:>= 2.1.2 < 3":
  version: 2.1.2
  resolution: "safer-buffer@npm:2.1.2"
  checksum: d4199666e9e792968c0b88c2c35dd400f56d3eecb9affbcf5207922822eadf30cc06995bae3c5d0a653851bbd40fc0af578bf046bbf734199ce22433ba4da659
  languageName: node
  linkType: hard

"send@npm:0.18.0":
  version: 0.18.0
  resolution: "send@npm:0.18.0"
  dependencies:
    debug: "npm:2.6.9"
    depd: "npm:2.0.0"
    destroy: "npm:1.2.0"
    encodeurl: "npm:~1.0.2"
    escape-html: "npm:~1.0.3"
    etag: "npm:~1.8.1"
    fresh: "npm:0.5.2"
    http-errors: "npm:2.0.0"
    mime: "npm:1.6.0"
    ms: "npm:2.1.3"
    on-finished: "npm:2.4.1"
    range-parser: "npm:~1.2.1"
    statuses: "npm:2.0.1"
  checksum: 670f134b35017d77ae82b02f04f5529651c4970887a5ffc581f003ed3858f8bda991eb1213e3b94f3c98acdcfc6a16cf83b58d330892662efe41d1d0d7993838
  languageName: node
  linkType: hard

"serve-static@npm:1.15.0":
  version: 1.15.0
  resolution: "serve-static@npm:1.15.0"
  dependencies:
    encodeurl: "npm:~1.0.2"
    escape-html: "npm:~1.0.3"
    parseurl: "npm:~1.3.3"
    send: "npm:0.18.0"
  checksum: 38b4b126ef7497103b0466c1b876e2ad9732d3a32a905ef6b54681525802a2defba6e8e48c136f68c666e48f8c2dc869d24060b0a83f1dbdf724632cccf072fe
  languageName: node
  linkType: hard

"setprototypeof@npm:1.2.0":
  version: 1.2.0
  resolution: "setprototypeof@npm:1.2.0"
  checksum: ba389f4722581d9070df0a323a29501254594a97fee0e9308e73372f9856dbdb37fff71a0fef1e31c48901384544260d12925b791477e0101d7a68a6e28c23cf
  languageName: node
  linkType: hard

"side-channel@npm:^1.0.4":
  version: 1.0.4
  resolution: "side-channel@npm:1.0.4"
  dependencies:
    call-bind: "npm:^1.0.0"
    get-intrinsic: "npm:^1.0.2"
    object-inspect: "npm:^1.9.0"
  checksum: d712a4e682471c1a1c7bf9294a8bb0f066566e016de11fdb01ae0c0ebf8102c97cc2b2d3b0264ca377eb2d3444bf4c06909392c518a162f047b7444608e0e9a2
  languageName: node
  linkType: hard

"statuses@npm:2.0.1":
  version: 2.0.1
  resolution: "statuses@npm:2.0.1"
  checksum: a7e9d41901245a442e77b339f715d77ac113c03ab9434d9f81ae45d75ed3437d9824e601ae1a834ad3e471ae3fc78d3c00decec5e826c91552a58d4c38833ecf
  languageName: node
  linkType: hard

"toidentifier@npm:1.0.1":
  version: 1.0.1
  resolution: "toidentifier@npm:1.0.1"
  checksum: ed889234ceb442c0d5f87ab3f2a8fc0679800baa41766c0d9ce1bb82c700052fd6cf5d1656e1304de13d7a7d5974962fedc1bbe9a0e4686c3d8743c716c7dd5f
  languageName: node
  linkType: hard

"tr46@npm:~0.0.3":
  version: 0.0.3
  resolution: "tr46@npm:0.0.3"
  checksum: c670667f2df1c0983b48ee7e81d6013ab304f73573e9e4292233821b2219504307bedffc303c32df30813a9138114b8b084c81dea94fb68f08aca7770af98578
  languageName: node
  linkType: hard

"ts-mixer@npm:^6.0.4":
  version: 6.0.4
  resolution: "ts-mixer@npm:6.0.4"
  checksum: 5783f7a1bcd248ff7f90be385618f42a1757b9e8e65248f6be8aea46d29358662c56938745d0065da145aecbd124832aeaf6a85150ba6c92e963945efaa7dfc4
  languageName: node
  linkType: hard

"ts-node@npm:^10.7.0":
  version: 10.7.0
  resolution: "ts-node@npm:10.7.0"
  dependencies:
    "@cspotcode/source-map-support": "npm:0.7.0"
    "@tsconfig/node10": "npm:^1.0.7"
    "@tsconfig/node12": "npm:^1.0.7"
    "@tsconfig/node14": "npm:^1.0.0"
    "@tsconfig/node16": "npm:^1.0.2"
    acorn: "npm:^8.4.1"
    acorn-walk: "npm:^8.1.1"
    arg: "npm:^4.1.0"
    create-require: "npm:^1.1.0"
    diff: "npm:^4.0.1"
    make-error: "npm:^1.1.1"
    v8-compile-cache-lib: "npm:^3.0.0"
    yn: "npm:3.1.1"
  peerDependencies:
    "@swc/core": ">=1.2.50"
    "@swc/wasm": ">=1.2.50"
    "@types/node": "*"
    typescript: ">=2.7"
  peerDependenciesMeta:
    "@swc/core":
      optional: true
    "@swc/wasm":
      optional: true
  bin:
    ts-node: dist/bin.js
    ts-node-cwd: dist/bin-cwd.js
    ts-node-esm: dist/bin-esm.js
    ts-node-script: dist/bin-script.js
    ts-node-transpile-only: dist/bin-transpile.js
    ts-script: dist/bin-script-deprecated.js
  checksum: f9b0b03068f3917015c016b95c98ace66c03ad98502b6996054b7b01bd308feeef03489509ca3ed71248ee7e85758e61ae72220288ff2ee10a048a07ccb80a6f
  languageName: node
  linkType: hard

"tslib@npm:^2.6.2, tslib@npm:^2.6.3":
  version: 2.8.1
  resolution: "tslib@npm:2.8.1"
  checksum: 080be9a9b50485142bd6dc8f159187fc90b8a0cd7e83b29a38d63f3a6a59a86ab729ece36ab5ced67c775416c9cf4465e8fb52ff03f3aa6a2e661c9c69e26909
  languageName: node
  linkType: hard

"type-is@npm:~1.6.18":
  version: 1.6.18
  resolution: "type-is@npm:1.6.18"
  dependencies:
    media-typer: "npm:0.3.0"
    mime-types: "npm:~2.1.24"
  checksum: 1cf58e1d0c2129201bee6abe8029f5dda621f86a1094955b6510c9baf879a45f725b2e19c7dc1f04a623a0edd8f3cc39cc4d4899287c805b6b1177c961f46564
  languageName: node
  linkType: hard

"typescript@npm:^4.6.3":
  version: 4.6.3
  resolution: "typescript@npm:4.6.3"
  bin:
    tsc: bin/tsc
    tsserver: bin/tsserver
  checksum: 6d79afd83b60614b18d469795c0d5725dcc89d8c943b0b09162ce15e1ec7cd73111642accdbb10c2be21bfabccb5b296554b5ea09948b2931d51ecbdece22a48
  languageName: node
  linkType: hard

"typescript@patch:typescript@npm%3A^4.6.3#optional!builtin<compat/typescript>":
  version: 4.6.3
  resolution: "typescript@patch:typescript@npm%3A4.6.3#optional!builtin<compat/typescript>::version=4.6.3&hash=5d3a66"
  bin:
    tsc: bin/tsc
    tsserver: bin/tsserver
  checksum: 694ec10096afa6f172ffeb1b3794bbf4a354f9d59af4f1ac62d4a705a4cdc708f970514deaf7d9a87c7ecdc4b1f5d297ce89ecbde720a251caac801adf5588f6
  languageName: node
  linkType: hard

"undici@npm:6.21.3":
  version: 6.21.3
  resolution: "undici@npm:6.21.3"
  checksum: aea7974ec24a0e834fa0248129999f606fdc1ffab86b06177569f19bebb27cb7e3296c5e31522a5f97f6d91aadaf290708086063c49363014fd813befe2c268b
  languageName: node
  linkType: hard

"universal-user-agent@npm:^6.0.0":
  version: 6.0.0
  resolution: "universal-user-agent@npm:6.0.0"
  checksum: c014b4d3bcedd8b5ffda7d3b730bec6dcf616963be696a20bac0f8d9c9307d494a07e186ef102a20cd038d7f76190faa3ad0256d11b7b26d12a080926cc871e6
  languageName: node
  linkType: hard

"unpipe@npm:1.0.0, unpipe@npm:~1.0.0":
  version: 1.0.0
  resolution: "unpipe@npm:1.0.0"
  checksum: 0504c357ea2fced264cd144bb1c3e44515a22ea8003eb3c35d3dabcb67181b023febec6bfa6fc6d863877bc556ae5939ede1c26d81a7dfd4a8f06b16bd091ea5
  languageName: node
  linkType: hard

"utils-merge@npm:1.0.1":
  version: 1.0.1
  resolution: "utils-merge@npm:1.0.1"
  checksum: b72b8d7a0f7d63a9b1ced39a44b292994111c93cf9c4da8a561e4fe0d0232af7217a53d5aae3a950fb7ab6f423baf3e0d2d7c7c33dd6c4ec78d0a3c720ee6adb
  languageName: node
  linkType: hard

"v8-compile-cache-lib@npm:^3.0.0":
  version: 3.0.1
  resolution: "v8-compile-cache-lib@npm:3.0.1"
  checksum: 0ebe342e7f20816fd5d323affd77f60ea65810ef60beecafbb06397870b18b3d6cb76412721e23603f603fcf5b1f3b37e2844adf15e9b708dbd6404f01884b23
  languageName: node
  linkType: hard

"vary@npm:~1.1.2":
  version: 1.1.2
  resolution: "vary@npm:1.1.2"
  checksum: b1db20d4be443aec48b8efab73386f83d947b7033b6b2f5a0c7ba4a1f9bc0200cb4cb396712468761f8edfe48dd68a6fdee7c65689b90937a2d767c714d25883
  languageName: node
  linkType: hard

"webidl-conversions@npm:^3.0.0":
  version: 3.0.1
  resolution: "webidl-conversions@npm:3.0.1"
  checksum: 57c8c5fdd986be5432ea6adacd87d6757144289d3b48b33441e7310bd4f4f6d782dd34acbd74d61e923c142cc50333d27ba58235692fa7248541c0bcce2563e1
  languageName: node
  linkType: hard

"whatwg-url@npm:^5.0.0":
  version: 5.0.0
  resolution: "whatwg-url@npm:5.0.0"
  dependencies:
    tr46: "npm:~0.0.3"
    webidl-conversions: "npm:^3.0.0"
  checksum: bd0cc6b75b84b3d032e30712e2f40eefbc07ecd14f093e87b2f81bb68bce10a3961e8eb646a7a8cc9c2352548fb501eeff668c8b2595fd7c6ea91d1406ce11ee
  languageName: node
  linkType: hard

"wrappy@npm:1":
  version: 1.0.2
  resolution: "wrappy@npm:1.0.2"
  checksum: 37d243a577dfeee20586eae1e3208dfb4e4cea1211a2a4116a19b50d91e619ff3dbc5ec934e28ca9baaa11a65df826c8d65c5fd1bb81f0ce0dadb469d47061c2
  languageName: node
  linkType: hard

"ws@npm:^8.17.0":
  version: 8.18.3
  resolution: "ws@npm:8.18.3"
  peerDependencies:
    bufferutil: ^4.0.1
    utf-8-validate: ">=5.0.2"
  peerDependenciesMeta:
    bufferutil:
      optional: true
    utf-8-validate:
      optional: true
  checksum: eae046d5e69ed0021f6af8050aba83702bb57bf752847ea0dfc518aae2ed2cbcbc02b58bcd110d2574b45d77c7a52e5d7ca543a371ef3d0cc0998be5f03ad707
  languageName: node
  linkType: hard

"yn@npm:3.1.1":
  version: 3.1.1
  resolution: "yn@npm:3.1.1"
  checksum: 890a9ce10f1f6691316f521444dcdc2d012dbfba423ec2252444dab5888def4ee48751304e51302c6d14197a1e9407256153a357c955bff1d659df592cfda456
  languageName: node
  linkType: hard
